// !$*UTF8*$!
{
	archiveVersion = 1;
	classes = {
	};
	objectVersion = 50;
	objects = {

/* Begin PBXAggregateTarget section */
		1A44908D2126DB2400C9A50A /* KKCanvas.framework */ = {
			isa = PBXAggregateTarget;
			buildConfigurationList = 1A44908E2126DB2400C9A50A /* Build configuration list for PBXAggregateTarget "KKCanvas.framework" */;
			buildPhases = (
				1A4490932126DB3A00C9A50A /* ShellScript */,
			);
			dependencies = (
				1A4490922126DB3500C9A50A /* PBXTargetDependency */,
			);
			name = KKCanvas.framework;
			productName = KKCanvas.framework;
		};
/* End PBXAggregateTarget section */

/* Begin PBXBuildFile section */
		1A4490872126DAF800C9A50A /* KKCanvas.h in Headers */ = {isa = PBXBuildFile; fileRef = 1A4490852126DAF800C9A50A /* KKCanvas.h */; settings = {ATTRIBUTES = (Public, ); }; };
		1A4490D72126DC6600C9A50A /* kk-config.h in Headers */ = {isa = PBXBuildFile; fileRef = 1A4490D62126DC6600C9A50A /* kk-config.h */; };
		1A4490D92126DC8C00C9A50A /* CGContext.cc in Sources */ = {isa = PBXBuildFile; fileRef = 1A4490D82126DC8C00C9A50A /* CGContext.cc */; };
		1A4490DC2126E00F00C9A50A /* WebGLContext.h in Headers */ = {isa = PBXBuildFile; fileRef = 1A4490DB2126E00F00C9A50A /* WebGLContext.h */; settings = {ATTRIBUTES = (Public, ); }; };
		1A4490DD2126E01300C9A50A /* CGContext.h in Headers */ = {isa = PBXBuildFile; fileRef = 1A4490D52126DC2500C9A50A /* CGContext.h */; settings = {ATTRIBUTES = (Public, ); }; };
		1A4490DF2126E04800C9A50A /* WebGLContext.cc in Sources */ = {isa = PBXBuildFile; fileRef = 1A4490DE2126E04800C9A50A /* WebGLContext.cc */; };
		1A484D79215CC32900B63916 /* CGContext.mm in Sources */ = {isa = PBXBuildFile; fileRef = 1A484D77215CB30F00B63916 /* CGContext.mm */; };
		1A484D7C215CD03800B63916 /* KKCanvasElement.h in Headers */ = {isa = PBXBuildFile; fileRef = 1A484D7A215CD03800B63916 /* KKCanvasElement.h */; settings = {ATTRIBUTES = (Public, ); }; };
		1A484D7D215CD03800B63916 /* KKCanvasElement.mm in Sources */ = {isa = PBXBuildFile; fileRef = 1A484D7B215CD03800B63916 /* KKCanvasElement.mm */; };
		1A7A462E215DC372000A6145 /* kk-canvas.cc in Sources */ = {isa = PBXBuildFile; fileRef = 1A7A462D215DC372000A6145 /* kk-canvas.cc */; };
		1A7A4637215E2A0E000A6145 /* WebGLContextJS.cc in Sources */ = {isa = PBXBuildFile; fileRef = 1A7A4636215E2A0E000A6145 /* WebGLContextJS.cc */; };
		1A7A4639215F2702000A6145 /* CGImage.mm in Sources */ = {isa = PBXBuildFile; fileRef = 1A7A4638215F2702000A6145 /* CGImage.mm */; };
		1A7A4655215F4E6E000A6145 /* KKCanvasGLContext.h in Headers */ = {isa = PBXBuildFile; fileRef = 1A7A4653215F4E6D000A6145 /* KKCanvasGLContext.h */; };
		1A7A4656215F4E6E000A6145 /* KKCanvasGLContext.m in Sources */ = {isa = PBXBuildFile; fileRef = 1A7A4654215F4E6E000A6145 /* KKCanvasGLContext.m */; };
		1AFC6150215C731700393544 /* CGContextJS.cc in Sources */ = {isa = PBXBuildFile; fileRef = 1AFC614F215C731700393544 /* CGContextJS.cc */; };
/* End PBXBuildFile section */

/* Begin PBXContainerItemProxy section */
		1A4490912126DB3500C9A50A /* PBXContainerItemProxy */ = {
			isa = PBXContainerItemProxy;
			containerPortal = 1A4490792126DAF800C9A50A /* Project object */;
			proxyType = 1;
			remoteGlobalIDString = 1A4490812126DAF800C9A50A;
			remoteInfo = KKCanvas;
		};
		1A4490AB2126DB8500C9A50A /* PBXContainerItemProxy */ = {
			isa = PBXContainerItemProxy;
			containerPortal = 1A4490A22126DB8500C9A50A /* KKElement.xcodeproj */;
			proxyType = 2;
			remoteGlobalIDString = 1A91578621196D5F0055256A;
			remoteInfo = KKElement;
		};
		1A4490AD2126DB8500C9A50A /* PBXContainerItemProxy */ = {
			isa = PBXContainerItemProxy;
			containerPortal = 1A4490A22126DB8500C9A50A /* KKElement.xcodeproj */;
			proxyType = 2;
			remoteGlobalIDString = 1A7CBCC0211AE0C4006DC0A3;
			remoteInfo = KKElementStaticLibrary;
		};
		1A4490B52126DB8B00C9A50A /* PBXContainerItemProxy */ = {
			isa = PBXContainerItemProxy;
			containerPortal = 1A4490AF2126DB8B00C9A50A /* KKDuktape.xcodeproj */;
			proxyType = 2;
			remoteGlobalIDString = 1AFD6BFD2112A8660038234E;
			remoteInfo = KKDuktape;
		};
		1A4490B72126DB8B00C9A50A /* PBXContainerItemProxy */ = {
			isa = PBXContainerItemProxy;
			containerPortal = 1A4490AF2126DB8B00C9A50A /* KKDuktape.xcodeproj */;
			proxyType = 2;
			remoteGlobalIDString = 1A7CBC7C211ADD25006DC0A3;
			remoteInfo = KKDuktapeStaticLibrary;
		};
		1A4490BE2126DB9200C9A50A /* PBXContainerItemProxy */ = {
			isa = PBXContainerItemProxy;
			containerPortal = 1A4490B92126DB9200C9A50A /* KKEvent.xcodeproj */;
			proxyType = 2;
			remoteGlobalIDString = 1AFD6C1F2112AA0F0038234E;
			remoteInfo = KKEvent;
		};
		1A4490C02126DBC200C9A50A /* PBXContainerItemProxy */ = {
			isa = PBXContainerItemProxy;
			containerPortal = 1A4490B92126DB9200C9A50A /* KKEvent.xcodeproj */;
			proxyType = 1;
			remoteGlobalIDString = 1AFD6C1E2112AA0F0038234E;
			remoteInfo = KKEvent;
		};
		1A4490C22126DBC200C9A50A /* PBXContainerItemProxy */ = {
			isa = PBXContainerItemProxy;
			containerPortal = 1A4490AF2126DB8B00C9A50A /* KKDuktape.xcodeproj */;
			proxyType = 1;
			remoteGlobalIDString = 1AFD6BFC2112A8660038234E;
			remoteInfo = KKDuktape;
		};
		1A4490C42126DBC200C9A50A /* PBXContainerItemProxy */ = {
			isa = PBXContainerItemProxy;
			containerPortal = 1A4490A22126DB8500C9A50A /* KKElement.xcodeproj */;
			proxyType = 1;
			remoteGlobalIDString = 1A91578521196D5F0055256A;
			remoteInfo = KKElement;
		};
		1A4490C62126DBC200C9A50A /* PBXContainerItemProxy */ = {
			isa = PBXContainerItemProxy;
			containerPortal = 1A4490AF2126DB8B00C9A50A /* KKDuktape.xcodeproj */;
			proxyType = 1;
			remoteGlobalIDString = 1AFD6BFC2112A8660038234E;
			remoteInfo = KKDuktape;
		};
		1A4490C82126DBC200C9A50A /* PBXContainerItemProxy */ = {
			isa = PBXContainerItemProxy;
			containerPortal = 1A4490AF2126DB8B00C9A50A /* KKDuktape.xcodeproj */;
			proxyType = 1;
			remoteGlobalIDString = 1AFD6BFC2112A8660038234E;
			remoteInfo = KKDuktape;
		};
		1A4490D12126DBCE00C9A50A /* PBXContainerItemProxy */ = {
			isa = PBXContainerItemProxy;
			containerPortal = 1A4490CA2126DBCD00C9A50A /* KKView.xcodeproj */;
			proxyType = 2;
			remoteGlobalIDString = 1ACF730C1FF0DC3B003FB42A;
			remoteInfo = KKView;
		};
		1A4490D32126DBDD00C9A50A /* PBXContainerItemProxy */ = {
			isa = PBXContainerItemProxy;
			containerPortal = 1A4490CA2126DBCD00C9A50A /* KKView.xcodeproj */;
			proxyType = 1;
			remoteGlobalIDString = 1ACF730B1FF0DC3B003FB42A;
			remoteInfo = KKView;
		};
		1A4490F52126E0C100C9A50A /* PBXContainerItemProxy */ = {
			isa = PBXContainerItemProxy;
			containerPortal = 1A4490962126DB7100C9A50A /* KKObject.xcodeproj */;
			proxyType = 2;
			remoteGlobalIDString = 1A9157EE21196F7B0055256A;
			remoteInfo = KKObject;
		};
		1A4490F72126E0C100C9A50A /* PBXContainerItemProxy */ = {
			isa = PBXContainerItemProxy;
			containerPortal = 1A4490962126DB7100C9A50A /* KKObject.xcodeproj */;
			proxyType = 2;
			remoteGlobalIDString = 1A7CBC4D211ADC8D006DC0A3;
			remoteInfo = KKObjectStaticLibrary;
		};
/* End PBXContainerItemProxy section */

/* Begin PBXFileReference section */
		1A4490822126DAF800C9A50A /* KKCanvas.framework */ = {isa = PBXFileReference; explicitFileType = wrapper.framework; includeInIndex = 0; path = KKCanvas.framework; sourceTree = BUILT_PRODUCTS_DIR; };
		1A4490852126DAF800C9A50A /* KKCanvas.h */ = {isa = PBXFileReference; lastKnownFileType = sourcecode.c.h; path = KKCanvas.h; sourceTree = "<group>"; };
		1A4490862126DAF800C9A50A /* Info.plist */ = {isa = PBXFileReference; lastKnownFileType = text.plist.xml; path = Info.plist; sourceTree = "<group>"; };
		1A4490962126DB7100C9A50A /* KKObject.xcodeproj */ = {isa = PBXFileReference; lastKnownFileType = "wrapper.pb-project"; name = KKObject.xcodeproj; path = "../../kk-object/KKObject/KKObject.xcodeproj"; sourceTree = SOURCE_ROOT; };
		1A4490A22126DB8500C9A50A /* KKElement.xcodeproj */ = {isa = PBXFileReference; lastKnownFileType = "wrapper.pb-project"; name = KKElement.xcodeproj; path = "../../kk-element/KKElement/KKElement.xcodeproj"; sourceTree = "<group>"; };
		1A4490AF2126DB8B00C9A50A /* KKDuktape.xcodeproj */ = {isa = PBXFileReference; lastKnownFileType = "wrapper.pb-project"; name = KKDuktape.xcodeproj; path = "../../kk-duktape/KKDuktape/KKDuktape.xcodeproj"; sourceTree = "<group>"; };
		1A4490B92126DB9200C9A50A /* KKEvent.xcodeproj */ = {isa = PBXFileReference; lastKnownFileType = "wrapper.pb-project"; name = KKEvent.xcodeproj; path = "../../kk-event/KKEvent/KKEvent.xcodeproj"; sourceTree = "<group>"; };
		1A4490CA2126DBCD00C9A50A /* KKView.xcodeproj */ = {isa = PBXFileReference; lastKnownFileType = "wrapper.pb-project"; name = KKView.xcodeproj; path = ../../KKView/KKView/KKView.xcodeproj; sourceTree = "<group>"; };
		1A4490D52126DC2500C9A50A /* CGContext.h */ = {isa = PBXFileReference; lastKnownFileType = sourcecode.c.h; path = CGContext.h; sourceTree = "<group>"; };
		1A4490D62126DC6600C9A50A /* kk-config.h */ = {isa = PBXFileReference; fileEncoding = 4; lastKnownFileType = sourcecode.c.h; name = "kk-config.h"; path = "../../kk-object/include/kk-config.h"; sourceTree = SOURCE_ROOT; };
		1A4490D82126DC8C00C9A50A /* CGContext.cc */ = {isa = PBXFileReference; lastKnownFileType = sourcecode.cpp.cpp; path = CGContext.cc; sourceTree = "<group>"; };
		1A4490DB2126E00F00C9A50A /* WebGLContext.h */ = {isa = PBXFileReference; lastKnownFileType = sourcecode.c.h; path = WebGLContext.h; sourceTree = "<group>"; };
		1A4490DE2126E04800C9A50A /* WebGLContext.cc */ = {isa = PBXFileReference; lastKnownFileType = sourcecode.cpp.cpp; path = WebGLContext.cc; sourceTree = "<group>"; };
		1A484D77215CB30F00B63916 /* CGContext.mm */ = {isa = PBXFileReference; lastKnownFileType = sourcecode.cpp.objcpp; path = CGContext.mm; sourceTree = "<group>"; };
		1A484D7A215CD03800B63916 /* KKCanvasElement.h */ = {isa = PBXFileReference; lastKnownFileType = sourcecode.c.h; path = KKCanvasElement.h; sourceTree = "<group>"; };
		1A484D7B215CD03800B63916 /* KKCanvasElement.mm */ = {isa = PBXFileReference; lastKnownFileType = sourcecode.cpp.objcpp; path = KKCanvasElement.mm; sourceTree = "<group>"; };
		1A7A4623215DC364000A6145 /* kk-canvas.h */ = {isa = PBXFileReference; lastKnownFileType = sourcecode.c.h; path = "kk-canvas.h"; sourceTree = "<group>"; };
		1A7A462D215DC372000A6145 /* kk-canvas.cc */ = {isa = PBXFileReference; lastKnownFileType = sourcecode.cpp.cpp; path = "kk-canvas.cc"; sourceTree = "<group>"; };
		1A7A4630215DC765000A6145 /* require_js.h */ = {isa = PBXFileReference; fileEncoding = 4; lastKnownFileType = sourcecode.c.h; path = require_js.h; sourceTree = "<group>"; };
		1A7A4631215DC765000A6145 /* require.js */ = {isa = PBXFileReference; fileEncoding = 4; lastKnownFileType = sourcecode.javascript; path = require.js; sourceTree = "<group>"; };
		1A7A4636215E2A0E000A6145 /* WebGLContextJS.cc */ = {isa = PBXFileReference; lastKnownFileType = sourcecode.cpp.cpp; path = WebGLContextJS.cc; sourceTree = "<group>"; };
		1A7A4638215F2702000A6145 /* CGImage.mm */ = {isa = PBXFileReference; lastKnownFileType = sourcecode.cpp.objcpp; path = CGImage.mm; sourceTree = "<group>"; };
		1A7A4653215F4E6D000A6145 /* KKCanvasGLContext.h */ = {isa = PBXFileReference; lastKnownFileType = sourcecode.c.h; path = KKCanvasGLContext.h; sourceTree = "<group>"; };
		1A7A4654215F4E6E000A6145 /* KKCanvasGLContext.m */ = {isa = PBXFileReference; lastKnownFileType = sourcecode.c.objc; path = KKCanvasGLContext.m; sourceTree = "<group>"; };
		1AFC614F215C731700393544 /* CGContextJS.cc */ = {isa = PBXFileReference; lastKnownFileType = sourcecode.cpp.cpp; path = CGContextJS.cc; sourceTree = "<group>"; };
/* End PBXFileReference section */

/* Begin PBXFrameworksBuildPhase section */
		1A44907E2126DAF800C9A50A /* Frameworks */ = {
			isa = PBXFrameworksBuildPhase;
			buildActionMask = 2147483647;
			files = (
			);
			runOnlyForDeploymentPostprocessing = 0;
		};
/* End PBXFrameworksBuildPhase section */

/* Begin PBXGroup section */
		1A4490782126DAF800C9A50A = {
			isa = PBXGroup;
			children = (
				1A4490CA2126DBCD00C9A50A /* KKView.xcodeproj */,
				1A4490B92126DB9200C9A50A /* KKEvent.xcodeproj */,
				1A4490AF2126DB8B00C9A50A /* KKDuktape.xcodeproj */,
				1A4490A22126DB8500C9A50A /* KKElement.xcodeproj */,
				1A4490962126DB7100C9A50A /* KKObject.xcodeproj */,
				1A4490842126DAF800C9A50A /* KKCanvas */,
				1A4490832126DAF800C9A50A /* Products */,
			);
			sourceTree = "<group>";
		};
		1A4490832126DAF800C9A50A /* Products */ = {
			isa = PBXGroup;
			children = (
				1A4490822126DAF800C9A50A /* KKCanvas.framework */,
			);
			name = Products;
			sourceTree = "<group>";
		};
		1A4490842126DAF800C9A50A /* KKCanvas */ = {
			isa = PBXGroup;
			children = (
				1A7A462F215DC764000A6145 /* js */,
				1A4490942126DB5600C9A50A /* include */,
				1A4490952126DB5E00C9A50A /* src */,
				1A4490852126DAF800C9A50A /* KKCanvas.h */,
				1A4490862126DAF800C9A50A /* Info.plist */,
				1A484D77215CB30F00B63916 /* CGContext.mm */,
				1A7A4638215F2702000A6145 /* CGImage.mm */,
				1A484D7A215CD03800B63916 /* KKCanvasElement.h */,
				1A484D7B215CD03800B63916 /* KKCanvasElement.mm */,
				1A7A4653215F4E6D000A6145 /* KKCanvasGLContext.h */,
				1A7A4654215F4E6E000A6145 /* KKCanvasGLContext.m */,
			);
			path = KKCanvas;
			sourceTree = "<group>";
		};
		1A4490942126DB5600C9A50A /* include */ = {
			isa = PBXGroup;
			children = (
				1A4490D62126DC6600C9A50A /* kk-config.h */,
				1A4490D52126DC2500C9A50A /* CGContext.h */,
				1A4490DB2126E00F00C9A50A /* WebGLContext.h */,
				1A7A4623215DC364000A6145 /* kk-canvas.h */,
			);
			name = include;
			path = ../../include;
			sourceTree = "<group>";
		};
		1A4490952126DB5E00C9A50A /* src */ = {
			isa = PBXGroup;
			children = (
				1A4490D82126DC8C00C9A50A /* CGContext.cc */,
				1AFC614F215C731700393544 /* CGContextJS.cc */,
				1A4490DE2126E04800C9A50A /* WebGLContext.cc */,
				1A7A4636215E2A0E000A6145 /* WebGLContextJS.cc */,
				1A7A462D215DC372000A6145 /* kk-canvas.cc */,
			);
			name = src;
			path = ../../src;
			sourceTree = "<group>";
		};
		1A4490A32126DB8500C9A50A /* Products */ = {
			isa = PBXGroup;
			children = (
				1A4490AC2126DB8500C9A50A /* KKElement.framework */,
				1A4490AE2126DB8500C9A50A /* libKKElement.a */,
			);
			name = Products;
			sourceTree = "<group>";
		};
		1A4490B02126DB8B00C9A50A /* Products */ = {
			isa = PBXGroup;
			children = (
				1A4490B62126DB8B00C9A50A /* KKDuktape.framework */,
				1A4490B82126DB8B00C9A50A /* libKKDuktape.a */,
			);
			name = Products;
			sourceTree = "<group>";
		};
		1A4490BA2126DB9200C9A50A /* Products */ = {
			isa = PBXGroup;
			children = (
				1A4490BF2126DB9200C9A50A /* KKEvent.framework */,
			);
			name = Products;
			sourceTree = "<group>";
		};
		1A4490CB2126DBCD00C9A50A /* Products */ = {
			isa = PBXGroup;
			children = (
				1A4490D22126DBCE00C9A50A /* KKView.framework */,
			);
			name = Products;
			sourceTree = "<group>";
		};
		1A4490EB2126E0C100C9A50A /* Products */ = {
			isa = PBXGroup;
			children = (
				1A4490F62126E0C100C9A50A /* KKObject.framework */,
				1A4490F82126E0C100C9A50A /* libKKObject.a */,
			);
			name = Products;
			sourceTree = "<group>";
		};
		1A7A462F215DC764000A6145 /* js */ = {
			isa = PBXGroup;
			children = (
				1A7A4630215DC765000A6145 /* require_js.h */,
				1A7A4631215DC765000A6145 /* require.js */,
			);
			name = js;
			path = ../../js;
			sourceTree = "<group>";
		};
/* End PBXGroup section */

/* Begin PBXHeadersBuildPhase section */
		1A44907F2126DAF800C9A50A /* Headers */ = {
			isa = PBXHeadersBuildPhase;
			buildActionMask = 2147483647;
			files = (
				1A484D7C215CD03800B63916 /* KKCanvasElement.h in Headers */,
				1A4490DD2126E01300C9A50A /* CGContext.h in Headers */,
				1A4490D72126DC6600C9A50A /* kk-config.h in Headers */,
				1A7A4655215F4E6E000A6145 /* KKCanvasGLContext.h in Headers */,
				1A4490DC2126E00F00C9A50A /* WebGLContext.h in Headers */,
				1A4490872126DAF800C9A50A /* KKCanvas.h in Headers */,
			);
			runOnlyForDeploymentPostprocessing = 0;
		};
/* End PBXHeadersBuildPhase section */

/* Begin PBXNativeTarget section */
		1A4490812126DAF800C9A50A /* KKCanvas */ = {
			isa = PBXNativeTarget;
			buildConfigurationList = 1A44908A2126DAF800C9A50A /* Build configuration list for PBXNativeTarget "KKCanvas" */;
			buildPhases = (
				1A44907D2126DAF800C9A50A /* Sources */,
				1A44907E2126DAF800C9A50A /* Frameworks */,
				1A44907F2126DAF800C9A50A /* Headers */,
				1A4490802126DAF800C9A50A /* Resources */,
			);
			buildRules = (
			);
			dependencies = (
				1A4490D42126DBDD00C9A50A /* PBXTargetDependency */,
				1A4490C12126DBC200C9A50A /* PBXTargetDependency */,
				1A4490C32126DBC200C9A50A /* PBXTargetDependency */,
				1A4490C52126DBC200C9A50A /* PBXTargetDependency */,
				1A4490C72126DBC200C9A50A /* PBXTargetDependency */,
				1A4490C92126DBC200C9A50A /* PBXTargetDependency */,
			);
			name = KKCanvas;
			productName = KKCanvas;
			productReference = 1A4490822126DAF800C9A50A /* KKCanvas.framework */;
			productType = "com.apple.product-type.framework";
		};
/* End PBXNativeTarget section */

/* Begin PBXProject section */
		1A4490792126DAF800C9A50A /* Project object */ = {
			isa = PBXProject;
			attributes = {
				LastUpgradeCheck = 0940;
				ORGANIZATIONNAME = kkmofang.cn;
				TargetAttributes = {
					1A4490812126DAF800C9A50A = {
						CreatedOnToolsVersion = 9.4.1;
					};
					1A44908D2126DB2400C9A50A = {
						CreatedOnToolsVersion = 9.4.1;
					};
				};
			};
			buildConfigurationList = 1A44907C2126DAF800C9A50A /* Build configuration list for PBXProject "KKCanvas" */;
			compatibilityVersion = "Xcode 9.3";
			developmentRegion = en;
			hasScannedForEncodings = 0;
			knownRegions = (
				en,
			);
			mainGroup = 1A4490782126DAF800C9A50A;
			productRefGroup = 1A4490832126DAF800C9A50A /* Products */;
			projectDirPath = "";
			projectReferences = (
				{
					ProductGroup = 1A4490B02126DB8B00C9A50A /* Products */;
					ProjectRef = 1A4490AF2126DB8B00C9A50A /* KKDuktape.xcodeproj */;
				},
				{
					ProductGroup = 1A4490A32126DB8500C9A50A /* Products */;
					ProjectRef = 1A4490A22126DB8500C9A50A /* KKElement.xcodeproj */;
				},
				{
					ProductGroup = 1A4490BA2126DB9200C9A50A /* Products */;
					ProjectRef = 1A4490B92126DB9200C9A50A /* KKEvent.xcodeproj */;
				},
				{
					ProductGroup = 1A4490EB2126E0C100C9A50A /* Products */;
					ProjectRef = 1A4490962126DB7100C9A50A /* KKObject.xcodeproj */;
				},
				{
					ProductGroup = 1A4490CB2126DBCD00C9A50A /* Products */;
					ProjectRef = 1A4490CA2126DBCD00C9A50A /* KKView.xcodeproj */;
				},
			);
			projectRoot = "";
			targets = (
				1A4490812126DAF800C9A50A /* KKCanvas */,
				1A44908D2126DB2400C9A50A /* KKCanvas.framework */,
			);
		};
/* End PBXProject section */

/* Begin PBXReferenceProxy section */
		1A4490AC2126DB8500C9A50A /* KKElement.framework */ = {
			isa = PBXReferenceProxy;
			fileType = wrapper.framework;
			path = KKElement.framework;
			remoteRef = 1A4490AB2126DB8500C9A50A /* PBXContainerItemProxy */;
			sourceTree = BUILT_PRODUCTS_DIR;
		};
		1A4490AE2126DB8500C9A50A /* libKKElement.a */ = {
			isa = PBXReferenceProxy;
			fileType = archive.ar;
			path = libKKElement.a;
			remoteRef = 1A4490AD2126DB8500C9A50A /* PBXContainerItemProxy */;
			sourceTree = BUILT_PRODUCTS_DIR;
		};
		1A4490B62126DB8B00C9A50A /* KKDuktape.framework */ = {
			isa = PBXReferenceProxy;
			fileType = wrapper.framework;
			path = KKDuktape.framework;
			remoteRef = 1A4490B52126DB8B00C9A50A /* PBXContainerItemProxy */;
			sourceTree = BUILT_PRODUCTS_DIR;
		};
		1A4490B82126DB8B00C9A50A /* libKKDuktape.a */ = {
			isa = PBXReferenceProxy;
			fileType = archive.ar;
			path = libKKDuktape.a;
			remoteRef = 1A4490B72126DB8B00C9A50A /* PBXContainerItemProxy */;
			sourceTree = BUILT_PRODUCTS_DIR;
		};
		1A4490BF2126DB9200C9A50A /* KKEvent.framework */ = {
			isa = PBXReferenceProxy;
			fileType = wrapper.framework;
			path = KKEvent.framework;
			remoteRef = 1A4490BE2126DB9200C9A50A /* PBXContainerItemProxy */;
			sourceTree = BUILT_PRODUCTS_DIR;
		};
		1A4490D22126DBCE00C9A50A /* KKView.framework */ = {
			isa = PBXReferenceProxy;
			fileType = wrapper.framework;
			path = KKView.framework;
			remoteRef = 1A4490D12126DBCE00C9A50A /* PBXContainerItemProxy */;
			sourceTree = BUILT_PRODUCTS_DIR;
		};
		1A4490F62126E0C100C9A50A /* KKObject.framework */ = {
			isa = PBXReferenceProxy;
			fileType = wrapper.framework;
			path = KKObject.framework;
			remoteRef = 1A4490F52126E0C100C9A50A /* PBXContainerItemProxy */;
			sourceTree = BUILT_PRODUCTS_DIR;
		};
		1A4490F82126E0C100C9A50A /* libKKObject.a */ = {
			isa = PBXReferenceProxy;
			fileType = archive.ar;
			path = libKKObject.a;
			remoteRef = 1A4490F72126E0C100C9A50A /* PBXContainerItemProxy */;
			sourceTree = BUILT_PRODUCTS_DIR;
		};
/* End PBXReferenceProxy section */

/* Begin PBXResourcesBuildPhase section */
		1A4490802126DAF800C9A50A /* Resources */ = {
			isa = PBXResourcesBuildPhase;
			buildActionMask = 2147483647;
			files = (
			);
			runOnlyForDeploymentPostprocessing = 0;
		};
/* End PBXResourcesBuildPhase section */

/* Begin PBXShellScriptBuildPhase section */
		1A4490932126DB3A00C9A50A /* ShellScript */ = {
			isa = PBXShellScriptBuildPhase;
			buildActionMask = 2147483647;
			files = (
			);
			inputPaths = (
			);
			outputPaths = (
			);
			runOnlyForDeploymentPostprocessing = 0;
			shellPath = /bin/sh;
			shellScript = "\nFMK_NAME=${PROJECT_NAME}\n\nINSTALL_DIR=${SRCROOT}/../${FMK_NAME}.framework\n\nWRK_DIR=build\n\nDEVICE_DIR=${WRK_DIR}/Release-iphoneos/${FMK_NAME}.framework\n\nSIMULATOR_DIR=${WRK_DIR}/Release-iphonesimulator/${FMK_NAME}.framework\n\nxcodebuild -configuration \"Release\" -target \"${FMK_NAME}\" -sdk iphoneos clean build\n\nxcodebuild -configuration \"Release\" -target \"${FMK_NAME}\" -sdk iphonesimulator clean build\n\nif [ -d \"${INSTALL_DIR}\" ]\n\nthen\n\nrm -rf \"${INSTALL_DIR}\"\n\nfi\n\nmkdir -p \"${INSTALL_DIR}\"\n\ncp -R \"${DEVICE_DIR}/\" \"${INSTALL_DIR}/\"\n\nlipo -create \"${DEVICE_DIR}/${FMK_NAME}\" \"${SIMULATOR_DIR}/${FMK_NAME}\" -output \"${INSTALL_DIR}/${FMK_NAME}\"\n\nrm -r \"${WRK_DIR}\"\n\nopen \"${INSTALL_DIR}\"\n\n";
		};
/* End PBXShellScriptBuildPhase section */

/* Begin PBXSourcesBuildPhase section */
		1A44907D2126DAF800C9A50A /* Sources */ = {
			isa = PBXSourcesBuildPhase;
			buildActionMask = 2147483647;
			files = (
				1A484D7D215CD03800B63916 /* KKCanvasElement.mm in Sources */,
				1A7A4639215F2702000A6145 /* CGImage.mm in Sources */,
				1A7A4637215E2A0E000A6145 /* WebGLContextJS.cc in Sources */,
				1A7A4656215F4E6E000A6145 /* KKCanvasGLContext.m in Sources */,
				1A7A462E215DC372000A6145 /* kk-canvas.cc in Sources */,
				1AFC6150215C731700393544 /* CGContextJS.cc in Sources */,
				1A4490D92126DC8C00C9A50A /* CGContext.cc in Sources */,
				1A4490DF2126E04800C9A50A /* WebGLContext.cc in Sources */,
				1A484D79215CC32900B63916 /* CGContext.mm in Sources */,
			);
			runOnlyForDeploymentPostprocessing = 0;
		};
/* End PBXSourcesBuildPhase section */

/* Begin PBXTargetDependency section */
		1A4490922126DB3500C9A50A /* PBXTargetDependency */ = {
			isa = PBXTargetDependency;
			target = 1A4490812126DAF800C9A50A /* KKCanvas */;
			targetProxy = 1A4490912126DB3500C9A50A /* PBXContainerItemProxy */;
		};
		1A4490C12126DBC200C9A50A /* PBXTargetDependency */ = {
			isa = PBXTargetDependency;
			name = KKEvent;
			targetProxy = 1A4490C02126DBC200C9A50A /* PBXContainerItemProxy */;
		};
		1A4490C32126DBC200C9A50A /* PBXTargetDependency */ = {
			isa = PBXTargetDependency;
			name = KKDuktape;
			targetProxy = 1A4490C22126DBC200C9A50A /* PBXContainerItemProxy */;
		};
		1A4490C52126DBC200C9A50A /* PBXTargetDependency */ = {
			isa = PBXTargetDependency;
			name = KKElement;
			targetProxy = 1A4490C42126DBC200C9A50A /* PBXContainerItemProxy */;
		};
		1A4490C72126DBC200C9A50A /* PBXTargetDependency */ = {
			isa = PBXTargetDependency;
			name = KKDuktape;
			targetProxy = 1A4490C62126DBC200C9A50A /* PBXContainerItemProxy */;
		};
		1A4490C92126DBC200C9A50A /* PBXTargetDependency */ = {
			isa = PBXTargetDependency;
			name = KKDuktape;
			targetProxy = 1A4490C82126DBC200C9A50A /* PBXContainerItemProxy */;
		};
		1A4490D42126DBDD00C9A50A /* PBXTargetDependency */ = {
			isa = PBXTargetDependency;
			name = KKView;
			targetProxy = 1A4490D32126DBDD00C9A50A /* PBXContainerItemProxy */;
		};
/* End PBXTargetDependency section */

/* Begin XCBuildConfiguration section */
		1A4490882126DAF800C9A50A /* Debug */ = {
			isa = XCBuildConfiguration;
			buildSettings = {
				ALWAYS_SEARCH_USER_PATHS = NO;
				CLANG_ANALYZER_NONNULL = YES;
				CLANG_ANALYZER_NUMBER_OBJECT_CONVERSION = YES_AGGRESSIVE;
				CLANG_CXX_LANGUAGE_STANDARD = "gnu++14";
				CLANG_CXX_LIBRARY = "libc++";
				CLANG_ENABLE_MODULES = YES;
				CLANG_ENABLE_OBJC_ARC = YES;
				CLANG_ENABLE_OBJC_WEAK = YES;
				CLANG_WARN_BLOCK_CAPTURE_AUTORELEASING = YES;
				CLANG_WARN_BOOL_CONVERSION = YES;
				CLANG_WARN_COMMA = YES;
				CLANG_WARN_CONSTANT_CONVERSION = YES;
				CLANG_WARN_DEPRECATED_OBJC_IMPLEMENTATIONS = YES;
				CLANG_WARN_DIRECT_OBJC_ISA_USAGE = YES_ERROR;
				CLANG_WARN_DOCUMENTATION_COMMENTS = YES;
				CLANG_WARN_EMPTY_BODY = YES;
				CLANG_WARN_ENUM_CONVERSION = YES;
				CLANG_WARN_INFINITE_RECURSION = YES;
				CLANG_WARN_INT_CONVERSION = YES;
				CLANG_WARN_NON_LITERAL_NULL_CONVERSION = YES;
				CLANG_WARN_OBJC_IMPLICIT_RETAIN_SELF = YES;
				CLANG_WARN_OBJC_LITERAL_CONVERSION = YES;
				CLANG_WARN_OBJC_ROOT_CLASS = YES_ERROR;
				CLANG_WARN_RANGE_LOOP_ANALYSIS = YES;
				CLANG_WARN_STRICT_PROTOTYPES = YES;
				CLANG_WARN_SUSPICIOUS_MOVE = YES;
				CLANG_WARN_UNGUARDED_AVAILABILITY = YES_AGGRESSIVE;
				CLANG_WARN_UNREACHABLE_CODE = YES;
				CLANG_WARN__DUPLICATE_METHOD_MATCH = YES;
				CODE_SIGN_IDENTITY = "iPhone Developer";
				COPY_PHASE_STRIP = NO;
				CURRENT_PROJECT_VERSION = 1;
				DEBUG_INFORMATION_FORMAT = dwarf;
				ENABLE_STRICT_OBJC_MSGSEND = YES;
				ENABLE_TESTABILITY = YES;
				GCC_C_LANGUAGE_STANDARD = gnu11;
				GCC_DYNAMIC_NO_PIC = NO;
				GCC_NO_COMMON_BLOCKS = YES;
				GCC_OPTIMIZATION_LEVEL = 0;
				GCC_PREPROCESSOR_DEFINITIONS = (
					"DEBUG=1",
					"$(inherited)",
				);
				GCC_WARN_64_TO_32_BIT_CONVERSION = YES;
				GCC_WARN_ABOUT_RETURN_TYPE = YES_ERROR;
				GCC_WARN_UNDECLARED_SELECTOR = YES;
				GCC_WARN_UNINITIALIZED_AUTOS = YES_AGGRESSIVE;
				GCC_WARN_UNUSED_FUNCTION = YES;
				GCC_WARN_UNUSED_VARIABLE = YES;
				IPHONEOS_DEPLOYMENT_TARGET = 11.4;
				MTL_ENABLE_DEBUG_INFO = YES;
				ONLY_ACTIVE_ARCH = YES;
				SDKROOT = iphoneos;
				VERSIONING_SYSTEM = "apple-generic";
				VERSION_INFO_PREFIX = "";
			};
			name = Debug;
		};
		1A4490892126DAF800C9A50A /* Release */ = {
			isa = XCBuildConfiguration;
			buildSettings = {
				ALWAYS_SEARCH_USER_PATHS = NO;
				CLANG_ANALYZER_NONNULL = YES;
				CLANG_ANALYZER_NUMBER_OBJECT_CONVERSION = YES_AGGRESSIVE;
				CLANG_CXX_LANGUAGE_STANDARD = "gnu++14";
				CLANG_CXX_LIBRARY = "libc++";
				CLANG_ENABLE_MODULES = YES;
				CLANG_ENABLE_OBJC_ARC = YES;
				CLANG_ENABLE_OBJC_WEAK = YES;
				CLANG_WARN_BLOCK_CAPTURE_AUTORELEASING = YES;
				CLANG_WARN_BOOL_CONVERSION = YES;
				CLANG_WARN_COMMA = YES;
				CLANG_WARN_CONSTANT_CONVERSION = YES;
				CLANG_WARN_DEPRECATED_OBJC_IMPLEMENTATIONS = YES;
				CLANG_WARN_DIRECT_OBJC_ISA_USAGE = YES_ERROR;
				CLANG_WARN_DOCUMENTATION_COMMENTS = YES;
				CLANG_WARN_EMPTY_BODY = YES;
				CLANG_WARN_ENUM_CONVERSION = YES;
				CLANG_WARN_INFINITE_RECURSION = YES;
				CLANG_WARN_INT_CONVERSION = YES;
				CLANG_WARN_NON_LITERAL_NULL_CONVERSION = YES;
				CLANG_WARN_OBJC_IMPLICIT_RETAIN_SELF = YES;
				CLANG_WARN_OBJC_LITERAL_CONVERSION = YES;
				CLANG_WARN_OBJC_ROOT_CLASS = YES_ERROR;
				CLANG_WARN_RANGE_LOOP_ANALYSIS = YES;
				CLANG_WARN_STRICT_PROTOTYPES = YES;
				CLANG_WARN_SUSPICIOUS_MOVE = YES;
				CLANG_WARN_UNGUARDED_AVAILABILITY = YES_AGGRESSIVE;
				CLANG_WARN_UNREACHABLE_CODE = YES;
				CLANG_WARN__DUPLICATE_METHOD_MATCH = YES;
				CODE_SIGN_IDENTITY = "iPhone Developer";
				COPY_PHASE_STRIP = NO;
				CURRENT_PROJECT_VERSION = 1;
				DEBUG_INFORMATION_FORMAT = "dwarf-with-dsym";
				ENABLE_NS_ASSERTIONS = NO;
				ENABLE_STRICT_OBJC_MSGSEND = YES;
				GCC_C_LANGUAGE_STANDARD = gnu11;
				GCC_NO_COMMON_BLOCKS = YES;
				GCC_WARN_64_TO_32_BIT_CONVERSION = YES;
				GCC_WARN_ABOUT_RETURN_TYPE = YES_ERROR;
				GCC_WARN_UNDECLARED_SELECTOR = YES;
				GCC_WARN_UNINITIALIZED_AUTOS = YES_AGGRESSIVE;
				GCC_WARN_UNUSED_FUNCTION = YES;
				GCC_WARN_UNUSED_VARIABLE = YES;
				IPHONEOS_DEPLOYMENT_TARGET = 11.4;
				MTL_ENABLE_DEBUG_INFO = NO;
				SDKROOT = iphoneos;
				VALIDATE_PRODUCT = YES;
				VERSIONING_SYSTEM = "apple-generic";
				VERSION_INFO_PREFIX = "";
			};
			name = Release;
		};
		1A44908B2126DAF800C9A50A /* Debug */ = {
			isa = XCBuildConfiguration;
			buildSettings = {
				CODE_SIGN_IDENTITY = "";
				CODE_SIGN_STYLE = Automatic;
				DEBUG_INFORMATION_FORMAT = dwarf;
				DEFINES_MODULE = YES;
				DEVELOPMENT_TEAM = 8V7A9F9SCJ;
				DYLIB_COMPATIBILITY_VERSION = 1;
				DYLIB_CURRENT_VERSION = 1;
				DYLIB_INSTALL_NAME_BASE = "@rpath";
				ENABLE_BITCODE = NO;
				INFOPLIST_FILE = KKCanvas/Info.plist;
				INSTALL_PATH = "$(LOCAL_LIBRARY_DIR)/Frameworks";
				IPHONEOS_DEPLOYMENT_TARGET = 8.0;
				LD_RUNPATH_SEARCH_PATHS = (
					"$(inherited)",
					"@executable_path/Frameworks",
					"@loader_path/Frameworks",
				);
				MACH_O_TYPE = staticlib;
				PRODUCT_BUNDLE_IDENTIFIER = cn.kkmofang.KKCanvas;
				PRODUCT_NAME = "$(TARGET_NAME:c99extidentifier)";
				SKIP_INSTALL = YES;
				TARGETED_DEVICE_FAMILY = "1,2";
			};
			name = Debug;
		};
		1A44908C2126DAF800C9A50A /* Release */ = {
			isa = XCBuildConfiguration;
			buildSettings = {
				CODE_SIGN_IDENTITY = "";
				CODE_SIGN_STYLE = Automatic;
				DEBUG_INFORMATION_FORMAT = dwarf;
				DEFINES_MODULE = YES;
				DEVELOPMENT_TEAM = 8V7A9F9SCJ;
				DYLIB_COMPATIBILITY_VERSION = 1;
				DYLIB_CURRENT_VERSION = 1;
				DYLIB_INSTALL_NAME_BASE = "@rpath";
				ENABLE_BITCODE = NO;
				INFOPLIST_FILE = KKCanvas/Info.plist;
				INSTALL_PATH = "$(LOCAL_LIBRARY_DIR)/Frameworks";
				IPHONEOS_DEPLOYMENT_TARGET = 8.0;
				LD_RUNPATH_SEARCH_PATHS = (
					"$(inherited)",
					"@executable_path/Frameworks",
					"@loader_path/Frameworks",
				);
				MACH_O_TYPE = staticlib;
				PRODUCT_BUNDLE_IDENTIFIER = cn.kkmofang.KKCanvas;
				PRODUCT_NAME = "$(TARGET_NAME:c99extidentifier)";
				SKIP_INSTALL = YES;
				TARGETED_DEVICE_FAMILY = "1,2";
			};
			name = Release;
		};
		1A44908F2126DB2400C9A50A /* Debug */ = {
			isa = XCBuildConfiguration;
			buildSettings = {
				CODE_SIGN_STYLE = Automatic;
				DEVELOPMENT_TEAM = 8V7A9F9SCJ;
				PRODUCT_NAME = "$(TARGET_NAME)";
			};
			name = Debug;
		};
		1A4490902126DB2400C9A50A /* Release */ = {
			isa = XCBuildConfiguration;
			buildSettings = {
				CODE_SIGN_STYLE = Automatic;
				DEVELOPMENT_TEAM = 8V7A9F9SCJ;
				PRODUCT_NAME = "$(TARGET_NAME)";
			};
			name = Release;
		};
/* End XCBuildConfiguration section */

/* Begin XCConfigurationList section */
		1A44907C2126DAF800C9A50A /* Build configuration list for PBXProject "KKCanvas" */ = {
			isa = XCConfigurationList;
			buildConfigurations = (
				1A4490882126DAF800C9A50A /* Debug */,
				1A4490892126DAF800C9A50A /* Release */,
			);
			defaultConfigurationIsVisible = 0;
			defaultConfigurationName = Release;
		};
		1A44908A2126DAF800C9A50A /* Build configuration list for PBXNativeTarget "KKCanvas" */ = {
			isa = XCConfigurationList;
			buildConfigurations = (
				1A44908B2126DAF800C9A50A /* Debug */,
				1A44908C2126DAF800C9A50A /* Release */,
			);
			defaultConfigurationIsVisible = 0;
			defaultConfigurationName = Release;
		};
		1A44908E2126DB2400C9A50A /* Build configuration list for PBXAggregateTarget "KKCanvas.framework" */ = {
			isa = XCConfigurationList;
			buildConfigurations = (
				1A44908F2126DB2400C9A50A /* Debug */,
				1A4490902126DB2400C9A50A /* Release */,
			);
			defaultConfigurationIsVisible = 0;
			defaultConfigurationName = Release;
		};
/* End XCConfigurationList section */
	};
	rootObject = 1A4490792126DAF800C9A50A /* Project object */;
}
